
Microsoft Visual Studio Solution File, Format Version 12.00
# Visual Studio Version 16
VisualStudioVersion = 16.0.30413.136
MinimumVisualStudioVersion = 10.0.40219.1
Project("{FAE04EC0-301F-11D3-BF4B-00C04F79EFBC}") = "TryIt", "TryIt\TryIt.csproj", "{9915FDB9-87D6-488E-B3AA-CE4375EABF60}"
EndProject
Global
	GlobalSection(SolutionConfigurationPlatforms) = preSolution
		Debug|Any CPU = Debug|Any CPU
		Release|Any CPU = Release|Any CPU
	EndGlobalSection
	GlobalSection(ProjectConfigurationPlatforms) = postSolution
		{9915FDB9-87D6-488E-B3AA-CE4375EABF60}.Debug|Any CPU.ActiveCfg = Debug|Any CPU
		{9915FDB9-87D6-488E-B3AA-CE4375EABF60}.Debug|Any CPU.Build.0 = Debug|Any CPU
		{9915FDB9-87D6-488E-B3AA-CE4375EABF60}.Release|Any CPU.ActiveCfg = Release|Any CPU
		{9915FDB9-87D6-488E-B3AA-CE4375EABF60}.Release|Any CPU.Build.0 = Release|Any CPU
	EndGlobalSection
	GlobalSection(SolutionProperties) = preSolution
		HideSolutionNode = FALSE
	EndGlobalSection
	GlobalSection(ExtensibilityGlobals) = postSolution
		SolutionGuid = {14536482-BE1D-44E4-8FB1-8A461AB5B60B}
	EndGlobalSection
EndGlobal
