
Microsoft Visual Studio Solution File, Format Version 12.00
# Visual Studio Version 16
VisualStudioVersion = 16.0.30413.136
MinimumVisualStudioVersion = 10.0.40219.1
Project("{FAE04EC0-301F-11D3-BF4B-00C04F79EFBC}") = "WeatherService", "WeatherService\WeatherService.csproj", "{54513AF1-D662-443F-AB2C-228AE766EC21}"
EndProject
Global
	GlobalSection(SolutionConfigurationPlatforms) = preSolution
		Debug|Any CPU = Debug|Any CPU
		Release|Any CPU = Release|Any CPU
	EndGlobalSection
	GlobalSection(ProjectConfigurationPlatforms) = postSolution
		{54513AF1-D662-443F-AB2C-228AE766EC21}.Debug|Any CPU.ActiveCfg = Debug|Any CPU
		{54513AF1-D662-443F-AB2C-228AE766EC21}.Debug|Any CPU.Build.0 = Debug|Any CPU
		{54513AF1-D662-443F-AB2C-228AE766EC21}.Release|Any CPU.ActiveCfg = Release|Any CPU
		{54513AF1-D662-443F-AB2C-228AE766EC21}.Release|Any CPU.Build.0 = Release|Any CPU
	EndGlobalSection
	GlobalSection(SolutionProperties) = preSolution
		HideSolutionNode = FALSE
	EndGlobalSection
	GlobalSection(ExtensibilityGlobals) = postSolution
		SolutionGuid = {82540E3A-E8BA-4E2E-B1D9-C8D0C5A3B82F}
	EndGlobalSection
EndGlobal
