
Microsoft Visual Studio Solution File, Format Version 12.00
# Visual Studio Version 16
VisualStudioVersion = 16.0.30413.136
MinimumVisualStudioVersion = 10.0.40219.1
Project("{FAE04EC0-301F-11D3-BF4B-00C04F79EFBC}") = "ReviewService", "ReviewService\ReviewService.csproj", "{46402E18-A5C5-476C-B0C6-450F2F8D0696}"
EndProject
Project("{FAE04EC0-301F-11D3-BF4B-00C04F79EFBC}") = "CartService", "CartService\CartService.csproj", "{76F7B428-860E-4121-9F50-BB178B37E64E}"
EndProject
Global
	GlobalSection(SolutionConfigurationPlatforms) = preSolution
		Debug|Any CPU = Debug|Any CPU
		Release|Any CPU = Release|Any CPU
	EndGlobalSection
	GlobalSection(ProjectConfigurationPlatforms) = postSolution
		{46402E18-A5C5-476C-B0C6-450F2F8D0696}.Debug|Any CPU.ActiveCfg = Debug|Any CPU
		{46402E18-A5C5-476C-B0C6-450F2F8D0696}.Debug|Any CPU.Build.0 = Debug|Any CPU
		{46402E18-A5C5-476C-B0C6-450F2F8D0696}.Release|Any CPU.ActiveCfg = Release|Any CPU
		{46402E18-A5C5-476C-B0C6-450F2F8D0696}.Release|Any CPU.Build.0 = Release|Any CPU
		{76F7B428-860E-4121-9F50-BB178B37E64E}.Debug|Any CPU.ActiveCfg = Debug|Any CPU
		{76F7B428-860E-4121-9F50-BB178B37E64E}.Debug|Any CPU.Build.0 = Debug|Any CPU
		{76F7B428-860E-4121-9F50-BB178B37E64E}.Release|Any CPU.ActiveCfg = Release|Any CPU
		{76F7B428-860E-4121-9F50-BB178B37E64E}.Release|Any CPU.Build.0 = Release|Any CPU
	EndGlobalSection
	GlobalSection(SolutionProperties) = preSolution
		HideSolutionNode = FALSE
	EndGlobalSection
	GlobalSection(ExtensibilityGlobals) = postSolution
		SolutionGuid = {2A8EC7B0-342E-43B9-851B-59B22E5B7744}
	EndGlobalSection
EndGlobal
