
Microsoft Visual Studio Solution File, Format Version 12.00
# Visual Studio Version 16
VisualStudioVersion = 16.0.30413.136
MinimumVisualStudioVersion = 10.0.40219.1
Project("{FAE04EC0-301F-11D3-BF4B-00C04F79EFBC}") = "WsOperationsService", "WsOperationsService\WsOperationsService.csproj", "{096238EF-2807-41C8-B172-FCBCFA9DA039}"
EndProject
Project("{FAE04EC0-301F-11D3-BF4B-00C04F79EFBC}") = "TryitWsOperationWebPage", "TryitWsOperationWebPage\TryitWsOperationWebPage.csproj", "{81D4F0F4-4C25-4594-93EF-693910C32364}"
	ProjectSection(ProjectDependencies) = postProject
		{096238EF-2807-41C8-B172-FCBCFA9DA039} = {096238EF-2807-41C8-B172-FCBCFA9DA039}
	EndProjectSection
EndProject
Global
	GlobalSection(SolutionConfigurationPlatforms) = preSolution
		Debug|Any CPU = Debug|Any CPU
		Release|Any CPU = Release|Any CPU
	EndGlobalSection
	GlobalSection(ProjectConfigurationPlatforms) = postSolution
		{096238EF-2807-41C8-B172-FCBCFA9DA039}.Debug|Any CPU.ActiveCfg = Debug|Any CPU
		{096238EF-2807-41C8-B172-FCBCFA9DA039}.Debug|Any CPU.Build.0 = Debug|Any CPU
		{096238EF-2807-41C8-B172-FCBCFA9DA039}.Release|Any CPU.ActiveCfg = Release|Any CPU
		{096238EF-2807-41C8-B172-FCBCFA9DA039}.Release|Any CPU.Build.0 = Release|Any CPU
		{81D4F0F4-4C25-4594-93EF-693910C32364}.Debug|Any CPU.ActiveCfg = Debug|Any CPU
		{81D4F0F4-4C25-4594-93EF-693910C32364}.Debug|Any CPU.Build.0 = Debug|Any CPU
		{81D4F0F4-4C25-4594-93EF-693910C32364}.Release|Any CPU.ActiveCfg = Release|Any CPU
		{81D4F0F4-4C25-4594-93EF-693910C32364}.Release|Any CPU.Build.0 = Release|Any CPU
	EndGlobalSection
	GlobalSection(SolutionProperties) = preSolution
		HideSolutionNode = FALSE
	EndGlobalSection
	GlobalSection(ExtensibilityGlobals) = postSolution
		SolutionGuid = {0ECEBC1A-01E0-4220-B9D3-CA687AD79FB4}
	EndGlobalSection
EndGlobal
